
Microsoft Visual Studio Solution File, Format Version 12.00
# Visual Studio Version 17
VisualStudioVersion = 17.0.31903.59
MinimumVisualStudioVersion = 10.0.40219.1
Project("{FAE04EC0-301F-11D3-BF4B-00C04F79EFBC}") = "AcademyManager.Domain", "AcademyManager.Domain\AcademyManager.Domain.csproj", "{B6ADBA28-784A-426B-BC0D-4532AFFA4742}"
EndProject
Project("{FAE04EC0-301F-11D3-BF4B-00C04F79EFBC}") = "AcademyManager.Application", "AcademyManager.Application\AcademyManager.Application.csproj", "{03D17510-57E6-4B4F-A5B3-1579249557CD}"
EndProject
Project("{FAE04EC0-301F-11D3-BF4B-00C04F79EFBC}") = "AcademyManager.Infra", "AcademyManager.Infra\AcademyManager.Infra.csproj", "{D0276718-2B52-44F1-99AE-717A3B8DA444}"
EndProject
Project("{FAE04EC0-301F-11D3-BF4B-00C04F79EFBC}") = "AcademyManager.Api", "AcademyManager.Api\AcademyManager.Api.csproj", "{027C4C82-BB8A-4338-99CA-74BEA0F5C2AB}"
EndProject
Project("{FAE04EC0-301F-11D3-BF4B-00C04F79EFBC}") = "AcademyManager.Shared", "AcademyManager.Shared\AcademyManager.Shared.csproj", "{19490061-FD05-4602-A91B-F475509CA700}"
EndProject
Project("{FAE04EC0-301F-11D3-BF4B-00C04F79EFBC}") = "AcademyManager.Tests", "AcademyManager.Tests\AcademyManager.Tests.csproj", "{50C73C97-F4F9-449F-BB64-CD65C1CF1291}"
EndProject
Global
	GlobalSection(SolutionConfigurationPlatforms) = preSolution
		Debug|Any CPU = Debug|Any CPU
		Debug|x64 = Debug|x64
		Debug|x86 = Debug|x86
		Release|Any CPU = Release|Any CPU
		Release|x64 = Release|x64
		Release|x86 = Release|x86
	EndGlobalSection
	GlobalSection(ProjectConfigurationPlatforms) = postSolution
		{B6ADBA28-784A-426B-BC0D-4532AFFA4742}.Debug|Any CPU.ActiveCfg = Debug|Any CPU
		{B6ADBA28-784A-426B-BC0D-4532AFFA4742}.Debug|Any CPU.Build.0 = Debug|Any CPU
		{B6ADBA28-784A-426B-BC0D-4532AFFA4742}.Debug|x64.ActiveCfg = Debug|Any CPU
		{B6ADBA28-784A-426B-BC0D-4532AFFA4742}.Debug|x64.Build.0 = Debug|Any CPU
		{B6ADBA28-784A-426B-BC0D-4532AFFA4742}.Debug|x86.ActiveCfg = Debug|Any CPU
		{B6ADBA28-784A-426B-BC0D-4532AFFA4742}.Debug|x86.Build.0 = Debug|Any CPU
		{B6ADBA28-784A-426B-BC0D-4532AFFA4742}.Release|Any CPU.ActiveCfg = Release|Any CPU
		{B6ADBA28-784A-426B-BC0D-4532AFFA4742}.Release|Any CPU.Build.0 = Release|Any CPU
		{B6ADBA28-784A-426B-BC0D-4532AFFA4742}.Release|x64.ActiveCfg = Release|Any CPU
		{B6ADBA28-784A-426B-BC0D-4532AFFA4742}.Release|x64.Build.0 = Release|Any CPU
		{B6ADBA28-784A-426B-BC0D-4532AFFA4742}.Release|x86.ActiveCfg = Release|Any CPU
		{B6ADBA28-784A-426B-BC0D-4532AFFA4742}.Release|x86.Build.0 = Release|Any CPU
		{03D17510-57E6-4B4F-A5B3-1579249557CD}.Debug|Any CPU.ActiveCfg = Debug|Any CPU
		{03D17510-57E6-4B4F-A5B3-1579249557CD}.Debug|Any CPU.Build.0 = Debug|Any CPU
		{03D17510-57E6-4B4F-A5B3-1579249557CD}.Debug|x64.ActiveCfg = Debug|Any CPU
		{03D17510-57E6-4B4F-A5B3-1579249557CD}.Debug|x64.Build.0 = Debug|Any CPU
		{03D17510-57E6-4B4F-A5B3-1579249557CD}.Debug|x86.ActiveCfg = Debug|Any CPU
		{03D17510-57E6-4B4F-A5B3-1579249557CD}.Debug|x86.Build.0 = Debug|Any CPU
		{03D17510-57E6-4B4F-A5B3-1579249557CD}.Release|Any CPU.ActiveCfg = Release|Any CPU
		{03D17510-57E6-4B4F-A5B3-1579249557CD}.Release|Any CPU.Build.0 = Release|Any CPU
		{03D17510-57E6-4B4F-A5B3-1579249557CD}.Release|x64.ActiveCfg = Release|Any CPU
		{03D17510-57E6-4B4F-A5B3-1579249557CD}.Release|x64.Build.0 = Release|Any CPU
		{03D17510-57E6-4B4F-A5B3-1579249557CD}.Release|x86.ActiveCfg = Release|Any CPU
		{03D17510-57E6-4B4F-A5B3-1579249557CD}.Release|x86.Build.0 = Release|Any CPU
		{D0276718-2B52-44F1-99AE-717A3B8DA444}.Debug|Any CPU.ActiveCfg = Debug|Any CPU
		{D0276718-2B52-44F1-99AE-717A3B8DA444}.Debug|Any CPU.Build.0 = Debug|Any CPU
		{D0276718-2B52-44F1-99AE-717A3B8DA444}.Debug|x64.ActiveCfg = Debug|Any CPU
		{D0276718-2B52-44F1-99AE-717A3B8DA444}.Debug|x64.Build.0 = Debug|Any CPU
		{D0276718-2B52-44F1-99AE-717A3B8DA444}.Debug|x86.ActiveCfg = Debug|Any CPU
		{D0276718-2B52-44F1-99AE-717A3B8DA444}.Debug|x86.Build.0 = Debug|Any CPU
		{D0276718-2B52-44F1-99AE-717A3B8DA444}.Release|Any CPU.ActiveCfg = Release|Any CPU
		{D0276718-2B52-44F1-99AE-717A3B8DA444}.Release|Any CPU.Build.0 = Release|Any CPU
		{D0276718-2B52-44F1-99AE-717A3B8DA444}.Release|x64.ActiveCfg = Release|Any CPU
		{D0276718-2B52-44F1-99AE-717A3B8DA444}.Release|x64.Build.0 = Release|Any CPU
		{D0276718-2B52-44F1-99AE-717A3B8DA444}.Release|x86.ActiveCfg = Release|Any CPU
		{D0276718-2B52-44F1-99AE-717A3B8DA444}.Release|x86.Build.0 = Release|Any CPU
		{027C4C82-BB8A-4338-99CA-74BEA0F5C2AB}.Debug|Any CPU.ActiveCfg = Debug|Any CPU
		{027C4C82-BB8A-4338-99CA-74BEA0F5C2AB}.Debug|Any CPU.Build.0 = Debug|Any CPU
		{027C4C82-BB8A-4338-99CA-74BEA0F5C2AB}.Debug|x64.ActiveCfg = Debug|Any CPU
		{027C4C82-BB8A-4338-99CA-74BEA0F5C2AB}.Debug|x64.Build.0 = Debug|Any CPU
		{027C4C82-BB8A-4338-99CA-74BEA0F5C2AB}.Debug|x86.ActiveCfg = Debug|Any CPU
		{027C4C82-BB8A-4338-99CA-74BEA0F5C2AB}.Debug|x86.Build.0 = Debug|Any CPU
		{027C4C82-BB8A-4338-99CA-74BEA0F5C2AB}.Release|Any CPU.ActiveCfg = Release|Any CPU
		{027C4C82-BB8A-4338-99CA-74BEA0F5C2AB}.Release|Any CPU.Build.0 = Release|Any CPU
		{027C4C82-BB8A-4338-99CA-74BEA0F5C2AB}.Release|x64.ActiveCfg = Release|Any CPU
		{027C4C82-BB8A-4338-99CA-74BEA0F5C2AB}.Release|x64.Build.0 = Release|Any CPU
		{027C4C82-BB8A-4338-99CA-74BEA0F5C2AB}.Release|x86.ActiveCfg = Release|Any CPU
		{027C4C82-BB8A-4338-99CA-74BEA0F5C2AB}.Release|x86.Build.0 = Release|Any CPU
		{19490061-FD05-4602-A91B-F475509CA700}.Debug|Any CPU.ActiveCfg = Debug|Any CPU
		{19490061-FD05-4602-A91B-F475509CA700}.Debug|Any CPU.Build.0 = Debug|Any CPU
		{19490061-FD05-4602-A91B-F475509CA700}.Debug|x64.ActiveCfg = Debug|Any CPU
		{19490061-FD05-4602-A91B-F475509CA700}.Debug|x64.Build.0 = Debug|Any CPU
		{19490061-FD05-4602-A91B-F475509CA700}.Debug|x86.ActiveCfg = Debug|Any CPU
		{19490061-FD05-4602-A91B-F475509CA700}.Debug|x86.Build.0 = Debug|Any CPU
		{19490061-FD05-4602-A91B-F475509CA700}.Release|Any CPU.ActiveCfg = Release|Any CPU
		{19490061-FD05-4602-A91B-F475509CA700}.Release|Any CPU.Build.0 = Release|Any CPU
		{19490061-FD05-4602-A91B-F475509CA700}.Release|x64.ActiveCfg = Release|Any CPU
		{19490061-FD05-4602-A91B-F475509CA700}.Release|x64.Build.0 = Release|Any CPU
		{19490061-FD05-4602-A91B-F475509CA700}.Release|x86.ActiveCfg = Release|Any CPU
		{19490061-FD05-4602-A91B-F475509CA700}.Release|x86.Build.0 = Release|Any CPU
		{50C73C97-F4F9-449F-BB64-CD65C1CF1291}.Debug|Any CPU.ActiveCfg = Debug|Any CPU
		{50C73C97-F4F9-449F-BB64-CD65C1CF1291}.Debug|Any CPU.Build.0 = Debug|Any CPU
		{50C73C97-F4F9-449F-BB64-CD65C1CF1291}.Debug|x64.ActiveCfg = Debug|Any CPU
		{50C73C97-F4F9-449F-BB64-CD65C1CF1291}.Debug|x64.Build.0 = Debug|Any CPU
		{50C73C97-F4F9-449F-BB64-CD65C1CF1291}.Debug|x86.ActiveCfg = Debug|Any CPU
		{50C73C97-F4F9-449F-BB64-CD65C1CF1291}.Debug|x86.Build.0 = Debug|Any CPU
		{50C73C97-F4F9-449F-BB64-CD65C1CF1291}.Release|Any CPU.ActiveCfg = Release|Any CPU
		{50C73C97-F4F9-449F-BB64-CD65C1CF1291}.Release|Any CPU.Build.0 = Release|Any CPU
		{50C73C97-F4F9-449F-BB64-CD65C1CF1291}.Release|x64.ActiveCfg = Release|Any CPU
		{50C73C97-F4F9-449F-BB64-CD65C1CF1291}.Release|x64.Build.0 = Release|Any CPU
		{50C73C97-F4F9-449F-BB64-CD65C1CF1291}.Release|x86.ActiveCfg = Release|Any CPU
		{50C73C97-F4F9-449F-BB64-CD65C1CF1291}.Release|x86.Build.0 = Release|Any CPU
	EndGlobalSection
	GlobalSection(SolutionProperties) = preSolution
		HideSolutionNode = FALSE
	EndGlobalSection
	GlobalSection(ExtensibilityGlobals) = postSolution
		SolutionGuid = {64F4BDB2-4D09-46FF-ACBB-410FCA297317}
	EndGlobalSection
EndGlobal
